{
  "name": "bg-pane-navigation",
  "version": "0.6.0",
  "lockfileVersion": 1,
  "requires": true,
  "dependencies": {
    "bg-atom-utils": {
      "version": "file:../bg-atom-utils",
      "requires": {
        "bg-atom-redom-ui": "file:../bg-atom-redom-ui",
        "esm": "^3.2.25",
        "redom": "^3.24.2"
      },
      "dependencies": {
        "bg-atom-redom-ui": {
          "version": "file:../bg-atom-redom-ui",
          "bundled": true,
          "requires": {
            "redom": "^3.24.2"
          },
          "dependencies": {
            "lodash.clone": {
              "version": "4.5.0",
              "bundled": true
            },
            "lodash.clonedeep": {
              "version": "4.5.0",
              "bundled": true
            },
            "redom": {
              "version": "3.25.1",
              "bundled": true
            }
          }
        },
        "esm": {
          "version": "3.2.25",
          "bundled": true
        },
        "redom": {
          "version": "3.24.2",
          "bundled": true
        }
      }
    },
    "esm": {
      "version": "3.2.25",
      "resolved": "https://registry.npmjs.org/esm/-/esm-3.2.25.tgz",
      "integrity": "sha512-U1suiZ2oDVWv4zPO56S0NcR5QriEahGtdN2OR6FiOG4WJvcjBVFB0qI4+eKoWFH483PKGuLuu6V8Z4T5g63UVA=="
    }
  }
}
